
Microsoft Visual Studio Solution File, Format Version 12.00
# Visual Studio Version 16
VisualStudioVersion = 16.0.29424.173
MinimumVisualStudioVersion = 10.0.40219.1
Project("{FAE04EC0-301F-11D3-BF4B-00C04F79EFBC}") = "Auth.Demo", "Auth.Demo\Auth.Demo.csproj", "{0069C808-BBC0-4E84-AF9B-4DA6B9E340ED}"
EndProject
Global
	GlobalSection(SolutionConfigurationPlatforms) = preSolution
		Debug|Any CPU = Debug|Any CPU
		Release|Any CPU = Release|Any CPU
	EndGlobalSection
	GlobalSection(ProjectConfigurationPlatforms) = postSolution
		{0069C808-BBC0-4E84-AF9B-4DA6B9E340ED}.Debug|Any CPU.ActiveCfg = Debug|Any CPU
		{0069C808-BBC0-4E84-AF9B-4DA6B9E340ED}.Debug|Any CPU.Build.0 = Debug|Any CPU
		{0069C808-BBC0-4E84-AF9B-4DA6B9E340ED}.Release|Any CPU.ActiveCfg = Release|Any CPU
		{0069C808-BBC0-4E84-AF9B-4DA6B9E340ED}.Release|Any CPU.Build.0 = Release|Any CPU
	EndGlobalSection
	GlobalSection(SolutionProperties) = preSolution
		HideSolutionNode = FALSE
	EndGlobalSection
	GlobalSection(ExtensibilityGlobals) = postSolution
		SolutionGuid = {5F2C99AE-D295-4607-8C2E-51C4C59955B2}
	EndGlobalSection
EndGlobal
